
Microsoft Visual Studio Solution File, Format Version 12.00
# Visual Studio Version 17
VisualStudioVersion = 17.10.35013.160
MinimumVisualStudioVersion = 10.0.40219.1
Project("{FAE04EC0-301F-11D3-BF4B-00C04F79EFBC}") = "CleanArch.Domain", "CleanArch.Domain\CleanArch.Domain.csproj", "{5D398815-B623-412B-9784-54F5B6BC64F7}"
EndProject
Project("{FAE04EC0-301F-11D3-BF4B-00C04F79EFBC}") = "CleanArch.Application", "CleanArch.Application\CleanArch.Application.csproj", "{3756E298-4D1C-43EB-957F-B2C5E233E905}"
EndProject
Project("{FAE04EC0-301F-11D3-BF4B-00C04F79EFBC}") = "CleanArch.Infra.Data", "CleanArch.Infra.Data\CleanArch.Infra.Data.csproj", "{0BDA0D85-BC10-4202-A124-D6E7A35F77D0}"
EndProject
Project("{FAE04EC0-301F-11D3-BF4B-00C04F79EFBC}") = "CleanArch.Infra.Ioc", "CleanArch.Infra.Ioc\CleanArch.Infra.Ioc.csproj", "{2D52CC2F-42DD-4C73-A47D-F80B122F1B02}"
EndProject
Project("{FAE04EC0-301F-11D3-BF4B-00C04F79EFBC}") = "CleanArch.Mvc", "CleanArch.Mvc\CleanArch.Mvc.csproj", "{398C7B9A-65A7-4E77-AE2C-EB2EC4969933}"
EndProject
Global
	GlobalSection(SolutionConfigurationPlatforms) = preSolution
		Debug|Any CPU = Debug|Any CPU
		Release|Any CPU = Release|Any CPU
	EndGlobalSection
	GlobalSection(ProjectConfigurationPlatforms) = postSolution
		{5D398815-B623-412B-9784-54F5B6BC64F7}.Debug|Any CPU.ActiveCfg = Debug|Any CPU
		{5D398815-B623-412B-9784-54F5B6BC64F7}.Debug|Any CPU.Build.0 = Debug|Any CPU
		{5D398815-B623-412B-9784-54F5B6BC64F7}.Release|Any CPU.ActiveCfg = Release|Any CPU
		{5D398815-B623-412B-9784-54F5B6BC64F7}.Release|Any CPU.Build.0 = Release|Any CPU
		{3756E298-4D1C-43EB-957F-B2C5E233E905}.Debug|Any CPU.ActiveCfg = Debug|Any CPU
		{3756E298-4D1C-43EB-957F-B2C5E233E905}.Debug|Any CPU.Build.0 = Debug|Any CPU
		{3756E298-4D1C-43EB-957F-B2C5E233E905}.Release|Any CPU.ActiveCfg = Release|Any CPU
		{3756E298-4D1C-43EB-957F-B2C5E233E905}.Release|Any CPU.Build.0 = Release|Any CPU
		{0BDA0D85-BC10-4202-A124-D6E7A35F77D0}.Debug|Any CPU.ActiveCfg = Debug|Any CPU
		{0BDA0D85-BC10-4202-A124-D6E7A35F77D0}.Debug|Any CPU.Build.0 = Debug|Any CPU
		{0BDA0D85-BC10-4202-A124-D6E7A35F77D0}.Release|Any CPU.ActiveCfg = Release|Any CPU
		{0BDA0D85-BC10-4202-A124-D6E7A35F77D0}.Release|Any CPU.Build.0 = Release|Any CPU
		{2D52CC2F-42DD-4C73-A47D-F80B122F1B02}.Debug|Any CPU.ActiveCfg = Debug|Any CPU
		{2D52CC2F-42DD-4C73-A47D-F80B122F1B02}.Debug|Any CPU.Build.0 = Debug|Any CPU
		{2D52CC2F-42DD-4C73-A47D-F80B122F1B02}.Release|Any CPU.ActiveCfg = Release|Any CPU
		{2D52CC2F-42DD-4C73-A47D-F80B122F1B02}.Release|Any CPU.Build.0 = Release|Any CPU
		{398C7B9A-65A7-4E77-AE2C-EB2EC4969933}.Debug|Any CPU.ActiveCfg = Debug|Any CPU
		{398C7B9A-65A7-4E77-AE2C-EB2EC4969933}.Debug|Any CPU.Build.0 = Debug|Any CPU
		{398C7B9A-65A7-4E77-AE2C-EB2EC4969933}.Release|Any CPU.ActiveCfg = Release|Any CPU
		{398C7B9A-65A7-4E77-AE2C-EB2EC4969933}.Release|Any CPU.Build.0 = Release|Any CPU
	EndGlobalSection
	GlobalSection(SolutionProperties) = preSolution
		HideSolutionNode = FALSE
	EndGlobalSection
	GlobalSection(ExtensibilityGlobals) = postSolution
		SolutionGuid = {4DE2FAB6-6249-4F0D-BE03-A9D7B8DBE881}
	EndGlobalSection
EndGlobal
